
Microsoft Visual Studio Solution File, Format Version 12.00
# Visual Studio 2012
Project("{FAE04EC0-301F-11D3-BF4B-00C04F79EFBC}") = "surfacetosurface", "surfacetosurface\surfacetosurface.csproj", "{30341CA5-34D4-4FB0-A605-6330EFC2A3A4}"
EndProject
Project("{FAE04EC0-301F-11D3-BF4B-00C04F79EFBC}") = "surfacetosurface.UITests", "surfacetosurface.UITests\surfacetosurface.UITests.csproj", "{8FE2114F-2FE2-4BFE-9CF9-864828F0683A}"
EndProject
Global
	GlobalSection(SolutionConfigurationPlatforms) = preSolution
		Debug|Any CPU = Debug|Any CPU
		Release|Any CPU = Release|Any CPU
	EndGlobalSection
	GlobalSection(ProjectConfigurationPlatforms) = postSolution
		{30341CA5-34D4-4FB0-A605-6330EFC2A3A4}.Debug|Any CPU.ActiveCfg = Debug|Any CPU
		{30341CA5-34D4-4FB0-A605-6330EFC2A3A4}.Debug|Any CPU.Build.0 = Debug|Any CPU
		{30341CA5-34D4-4FB0-A605-6330EFC2A3A4}.Release|Any CPU.ActiveCfg = Release|Any CPU
		{30341CA5-34D4-4FB0-A605-6330EFC2A3A4}.Release|Any CPU.Build.0 = Release|Any CPU
		{8FE2114F-2FE2-4BFE-9CF9-864828F0683A}.Debug|Any CPU.ActiveCfg = Debug|Any CPU
		{8FE2114F-2FE2-4BFE-9CF9-864828F0683A}.Debug|Any CPU.Build.0 = Debug|Any CPU
		{8FE2114F-2FE2-4BFE-9CF9-864828F0683A}.Release|Any CPU.ActiveCfg = Release|Any CPU
		{8FE2114F-2FE2-4BFE-9CF9-864828F0683A}.Release|Any CPU.Build.0 = Release|Any CPU
	EndGlobalSection
EndGlobal
